# This file is automatically @generated by Cargo.
# It is not intended for manual editing.
[[package]]
name = "autotools"
version = "0.2.1"
source = "registry+https://github.com/rust-lang/crates.io-index"
dependencies = [
 "cc 1.0.35 (registry+https://github.com/rust-lang/crates.io-index)",
]

[[package]]
name = "bdwgc-alloc"
version = "0.2.1"
dependencies = [
 "autotools 0.2.1 (registry+https://github.com/rust-lang/crates.io-index)",
 "libc 0.2.51 (registry+https://github.com/rust-lang/crates.io-index)",
]

[[package]]
name = "cc"
version = "1.0.35"
source = "registry+https://github.com/rust-lang/crates.io-index"

[[package]]
name = "libc"
version = "0.2.51"
source = "registry+https://github.com/rust-lang/crates.io-index"

[metadata]
"checksum autotools 0.2.1 (registry+https://github.com/rust-lang/crates.io-index)" = "774fd1b2d459a939302a0bad631a3de176b8bd5f87cbfc28ceb1f6c18d731094"
"checksum cc 1.0.35 (registry+https://github.com/rust-lang/crates.io-index)" = "5e5f3fee5eeb60324c2781f1e41286bdee933850fff9b3c672587fed5ec58c83"
"checksum libc 0.2.51 (registry+https://github.com/rust-lang/crates.io-index)" = "bedcc7a809076656486ffe045abeeac163da1b558e963a31e29fbfbeba916917"
