# This file is automatically @generated by Cargo.
# It is not intended for manual editing.
version = 4

[[package]]
name = "autotools"
version = "0.2.7"
source = "registry+https://github.com/rust-lang/crates.io-index"
checksum = "ef941527c41b0fc0dd48511a8154cd5fc7e29200a0ff8b7203c5d777dbc795cf"
dependencies = [
 "cc",
]

[[package]]
name = "bdwgc-alloc"
version = "0.6.10"
dependencies = [
 "autotools",
 "cmake",
 "libc",
]

[[package]]
name = "cc"
version = "1.0.83"
source = "registry+https://github.com/rust-lang/crates.io-index"
checksum = "f1174fb0b6ec23863f8b971027804a42614e347eafb0a95bf0b12cdae21fc4d0"
dependencies = [
 "libc",
]

[[package]]
name = "cmake"
version = "0.1.50"
source = "registry+https://github.com/rust-lang/crates.io-index"
checksum = "a31c789563b815f77f4250caee12365734369f942439b7defd71e18a48197130"
dependencies = [
 "cc",
]

[[package]]
name = "libc"
version = "0.2.174"
source = "registry+https://github.com/rust-lang/crates.io-index"
checksum = "1171693293099992e19cddea4e8b849964e9846f4acee11b3948bcc337be8776"
